
Microsoft Visual Studio Solution File, Format Version 12.00
# Visual Studio Version 17
VisualStudioVersion = 17.3.32804.467
MinimumVisualStudioVersion = 10.0.40219.1
Project("{FAE04EC0-301F-11D3-BF4B-00C04F79EFBC}") = "DBConnection", "DBConnection\DBConnection.csproj", "{7C08D6DB-B42B-490A-ACB4-0A7D4E63F59B}"
EndProject
Global
	GlobalSection(SolutionConfigurationPlatforms) = preSolution
		Debug|Any CPU = Debug|Any CPU
		Release|Any CPU = Release|Any CPU
	EndGlobalSection
	GlobalSection(ProjectConfigurationPlatforms) = postSolution
		{7C08D6DB-B42B-490A-ACB4-0A7D4E63F59B}.Debug|Any CPU.ActiveCfg = Debug|Any CPU
		{7C08D6DB-B42B-490A-ACB4-0A7D4E63F59B}.Debug|Any CPU.Build.0 = Debug|Any CPU
		{7C08D6DB-B42B-490A-ACB4-0A7D4E63F59B}.Release|Any CPU.ActiveCfg = Release|Any CPU
		{7C08D6DB-B42B-490A-ACB4-0A7D4E63F59B}.Release|Any CPU.Build.0 = Release|Any CPU
	EndGlobalSection
	GlobalSection(SolutionProperties) = preSolution
		HideSolutionNode = FALSE
	EndGlobalSection
	GlobalSection(ExtensibilityGlobals) = postSolution
		SolutionGuid = {C8BFCCC3-D490-4BF2-B676-378BC22FE36B}
	EndGlobalSection
EndGlobal
